// !$*UTF8*$!
{
	archiveVersion = 1;
	classes = {
	};
	objectVersion = 50;
	objects = {

/* Begin PBXBuildFile section */
		80741C4622A654BF00B31A06 /* AppDelegate.swift in Sources */ = {isa = PBXBuildFile; fileRef = 80741C4522A654BF00B31A06 /* AppDelegate.swift */; };
		80741C4822A654BF00B31A06 /* SceneDelegate.swift in Sources */ = {isa = PBXBuildFile; fileRef = 80741C4722A654BF00B31A06 /* SceneDelegate.swift */; };
		80741C4A22A654BF00B31A06 /* LandmarkDetail.swift in Sources */ = {isa = PBXBuildFile; fileRef = 80741C4922A654BF00B31A06 /* LandmarkDetail.swift */; };
		80741C4C22A654C200B31A06 /* Assets.xcassets in Resources */ = {isa = PBXBuildFile; fileRef = 80741C4B22A654C200B31A06 /* Assets.xcassets */; };
		80741C4F22A654C200B31A06 /* Preview Assets.xcassets in Resources */ = {isa = PBXBuildFile; fileRef = 80741C4E22A654C200B31A06 /* Preview Assets.xcassets */; };
		80741C5222A654C200B31A06 /* LaunchScreen.storyboard in Resources */ = {isa = PBXBuildFile; fileRef = 80741C5022A654C200B31A06 /* LaunchScreen.storyboard */; };
		80741C5A22A659AA00B31A06 /* CircleImage.swift in Sources */ = {isa = PBXBuildFile; fileRef = 80741C5922A659AA00B31A06 /* CircleImage.swift */; };
		80741C5C22A65F4700B31A06 /* MapView.swift in Sources */ = {isa = PBXBuildFile; fileRef = 80741C5B22A65F4700B31A06 /* MapView.swift */; };
		80B95DE822A66D500054F23A /* Landmark.swift in Sources */ = {isa = PBXBuildFile; fileRef = 80B95DE722A66D500054F23A /* Landmark.swift */; };
		80B95DF922A66F130054F23A /* chilkoottrail.jpg in Resources */ = {isa = PBXBuildFile; fileRef = 80B95DEC22A66F120054F23A /* chilkoottrail.jpg */; };
		80B95DFA22A66F130054F23A /* hiddenlake.jpg in Resources */ = {isa = PBXBuildFile; fileRef = 80B95DED22A66F120054F23A /* hiddenlake.jpg */; };
		80B95DFB22A66F130054F23A /* yukon_charleyrivers.jpg in Resources */ = {isa = PBXBuildFile; fileRef = 80B95DEE22A66F120054F23A /* yukon_charleyrivers.jpg */; };
		80B95DFC22A66F130054F23A /* lakemcdonald.jpg in Resources */ = {isa = PBXBuildFile; fileRef = 80B95DEF22A66F120054F23A /* lakemcdonald.jpg */; };
		80B95DFD22A66F130054F23A /* turtlerock.jpg in Resources */ = {isa = PBXBuildFile; fileRef = 80B95DF022A66F120054F23A /* turtlerock.jpg */; };
		80B95DFE22A66F130054F23A /* twinlake.jpg in Resources */ = {isa = PBXBuildFile; fileRef = 80B95DF122A66F130054F23A /* twinlake.jpg */; };
		80B95DFF22A66F130054F23A /* stmarylake.jpg in Resources */ = {isa = PBXBuildFile; fileRef = 80B95DF222A66F130054F23A /* stmarylake.jpg */; };
		80B95E0022A66F130054F23A /* landmarkData.json in Resources */ = {isa = PBXBuildFile; fileRef = 80B95DF322A66F130054F23A /* landmarkData.json */; };
		80B95E0122A66F130054F23A /* silversalmoncreek.jpg in Resources */ = {isa = PBXBuildFile; fileRef = 80B95DF422A66F130054F23A /* silversalmoncreek.jpg */; };
		80B95E0222A66F130054F23A /* chincoteague.jpg in Resources */ = {isa = PBXBuildFile; fileRef = 80B95DF522A66F130054F23A /* chincoteague.jpg */; };
		80B95E0322A66F130054F23A /* rainbowlake.jpg in Resources */ = {isa = PBXBuildFile; fileRef = 80B95DF622A66F130054F23A /* rainbowlake.jpg */; };
		80B95E0422A66F130054F23A /* icybay.jpg in Resources */ = {isa = PBXBuildFile; fileRef = 80B95DF722A66F130054F23A /* icybay.jpg */; };
		80B95E0522A66F130054F23A /* umbagog.jpg in Resources */ = {isa = PBXBuildFile; fileRef = 80B95DF822A66F130054F23A /* umbagog.jpg */; };
		80B95E0722A66F500054F23A /* Data.swift in Sources */ = {isa = PBXBuildFile; fileRef = 80B95E0622A66F500054F23A /* Data.swift */; };
		80B95E0A22A671300054F23A /* Default-568h@2x.png in Resources */ = {isa = PBXBuildFile; fileRef = 80B95E0922A671300054F23A /* Default-568h@2x.png */; };
		80B95E0C22A671CA0054F23A /* LandmarkRow.swift in Sources */ = {isa = PBXBuildFile; fileRef = 80B95E0B22A671CA0054F23A /* LandmarkRow.swift */; };
		80B95E0E22A673F30054F23A /* LandmarkList.swift in Sources */ = {isa = PBXBuildFile; fileRef = 80B95E0D22A673F30054F23A /* LandmarkList.swift */; };
/* End PBXBuildFile section */

/* Begin PBXFileReference section */
		80741C4222A654BF00B31A06 /* LandmarkSwiftUI.app */ = {isa = PBXFileReference; explicitFileType = wrapper.application; includeInIndex = 0; path = LandmarkSwiftUI.app; sourceTree = BUILT_PRODUCTS_DIR; };
		80741C4522A654BF00B31A06 /* AppDelegate.swift */ = {isa = PBXFileReference; lastKnownFileType = sourcecode.swift; path = AppDelegate.swift; sourceTree = "<group>"; };
		80741C4722A654BF00B31A06 /* SceneDelegate.swift */ = {isa = PBXFileReference; lastKnownFileType = sourcecode.swift; path = SceneDelegate.swift; sourceTree = "<group>"; };
		80741C4922A654BF00B31A06 /* LandmarkDetail.swift */ = {isa = PBXFileReference; lastKnownFileType = sourcecode.swift; path = LandmarkDetail.swift; sourceTree = "<group>"; };
		80741C4B22A654C200B31A06 /* Assets.xcassets */ = {isa = PBXFileReference; lastKnownFileType = folder.assetcatalog; path = Assets.xcassets; sourceTree = "<group>"; };
		80741C4E22A654C200B31A06 /* Preview Assets.xcassets */ = {isa = PBXFileReference; lastKnownFileType = folder.assetcatalog; path = "Preview Assets.xcassets"; sourceTree = "<group>"; };
		80741C5122A654C200B31A06 /* Base */ = {isa = PBXFileReference; lastKnownFileType = file.storyboard; name = Base; path = Base.lproj/LaunchScreen.storyboard; sourceTree = "<group>"; };
		80741C5322A654C200B31A06 /* Info.plist */ = {isa = PBXFileReference; lastKnownFileType = text.plist.xml; path = Info.plist; sourceTree = "<group>"; };
		80741C5922A659AA00B31A06 /* CircleImage.swift */ = {isa = PBXFileReference; lastKnownFileType = sourcecode.swift; path = CircleImage.swift; sourceTree = "<group>"; };
		80741C5B22A65F4700B31A06 /* MapView.swift */ = {isa = PBXFileReference; lastKnownFileType = sourcecode.swift; path = MapView.swift; sourceTree = "<group>"; };
		80B95DE522A66BD70054F23A /* LandmarkSwiftUI.entitlements */ = {isa = PBXFileReference; lastKnownFileType = text.plist.entitlements; path = LandmarkSwiftUI.entitlements; sourceTree = "<group>"; };
		80B95DE722A66D500054F23A /* Landmark.swift */ = {isa = PBXFileReference; lastKnownFileType = sourcecode.swift; path = Landmark.swift; sourceTree = "<group>"; };
		80B95DEC22A66F120054F23A /* chilkoottrail.jpg */ = {isa = PBXFileReference; lastKnownFileType = image.jpeg; path = chilkoottrail.jpg; sourceTree = "<group>"; };
		80B95DED22A66F120054F23A /* hiddenlake.jpg */ = {isa = PBXFileReference; lastKnownFileType = image.jpeg; path = hiddenlake.jpg; sourceTree = "<group>"; };
		80B95DEE22A66F120054F23A /* yukon_charleyrivers.jpg */ = {isa = PBXFileReference; lastKnownFileType = image.jpeg; path = yukon_charleyrivers.jpg; sourceTree = "<group>"; };
		80B95DEF22A66F120054F23A /* lakemcdonald.jpg */ = {isa = PBXFileReference; lastKnownFileType = image.jpeg; path = lakemcdonald.jpg; sourceTree = "<group>"; };
		80B95DF022A66F120054F23A /* turtlerock.jpg */ = {isa = PBXFileReference; lastKnownFileType = image.jpeg; path = turtlerock.jpg; sourceTree = "<group>"; };
		80B95DF122A66F130054F23A /* twinlake.jpg */ = {isa = PBXFileReference; lastKnownFileType = image.jpeg; path = twinlake.jpg; sourceTree = "<group>"; };
		80B95DF222A66F130054F23A /* stmarylake.jpg */ = {isa = PBXFileReference; lastKnownFileType = image.jpeg; path = stmarylake.jpg; sourceTree = "<group>"; };
		80B95DF322A66F130054F23A /* landmarkData.json */ = {isa = PBXFileReference; fileEncoding = 4; lastKnownFileType = text.json; path = landmarkData.json; sourceTree = "<group>"; };
		80B95DF422A66F130054F23A /* silversalmoncreek.jpg */ = {isa = PBXFileReference; lastKnownFileType = image.jpeg; path = silversalmoncreek.jpg; sourceTree = "<group>"; };
		80B95DF522A66F130054F23A /* chincoteague.jpg */ = {isa = PBXFileReference; lastKnownFileType = image.jpeg; path = chincoteague.jpg; sourceTree = "<group>"; };
		80B95DF622A66F130054F23A /* rainbowlake.jpg */ = {isa = PBXFileReference; lastKnownFileType = image.jpeg; path = rainbowlake.jpg; sourceTree = "<group>"; };
		80B95DF722A66F130054F23A /* icybay.jpg */ = {isa = PBXFileReference; lastKnownFileType = image.jpeg; path = icybay.jpg; sourceTree = "<group>"; };
		80B95DF822A66F130054F23A /* umbagog.jpg */ = {isa = PBXFileReference; lastKnownFileType = image.jpeg; path = umbagog.jpg; sourceTree = "<group>"; };
		80B95E0622A66F500054F23A /* Data.swift */ = {isa = PBXFileReference; lastKnownFileType = sourcecode.swift; path = Data.swift; sourceTree = "<group>"; };
		80B95E0922A671300054F23A /* Default-568h@2x.png */ = {isa = PBXFileReference; lastKnownFileType = image.png; path = "Default-568h@2x.png"; sourceTree = "<group>"; };
		80B95E0B22A671CA0054F23A /* LandmarkRow.swift */ = {isa = PBXFileReference; lastKnownFileType = sourcecode.swift; path = LandmarkRow.swift; sourceTree = "<group>"; };
		80B95E0D22A673F30054F23A /* LandmarkList.swift */ = {isa = PBXFileReference; lastKnownFileType = sourcecode.swift; path = LandmarkList.swift; sourceTree = "<group>"; };
/* End PBXFileReference section */

/* Begin PBXFrameworksBuildPhase section */
		80741C3F22A654BF00B31A06 /* Frameworks */ = {
			isa = PBXFrameworksBuildPhase;
			buildActionMask = 2147483647;
			files = (
			);
			runOnlyForDeploymentPostprocessing = 0;
		};
/* End PBXFrameworksBuildPhase section */

/* Begin PBXGroup section */
		80741C3922A654BF00B31A06 = {
			isa = PBXGroup;
			children = (
				80B95E0922A671300054F23A /* Default-568h@2x.png */,
				80741C4422A654BF00B31A06 /* LandmarkSwiftUI */,
				80741C4322A654BF00B31A06 /* Products */,
			);
			sourceTree = "<group>";
		};
		80741C4322A654BF00B31A06 /* Products */ = {
			isa = PBXGroup;
			children = (
				80741C4222A654BF00B31A06 /* LandmarkSwiftUI.app */,
			);
			name = Products;
			sourceTree = "<group>";
		};
		80741C4422A654BF00B31A06 /* LandmarkSwiftUI */ = {
			isa = PBXGroup;
			children = (
				80B95DE522A66BD70054F23A /* LandmarkSwiftUI.entitlements */,
				80741C4522A654BF00B31A06 /* AppDelegate.swift */,
				80741C4722A654BF00B31A06 /* SceneDelegate.swift */,
				80741C4922A654BF00B31A06 /* LandmarkDetail.swift */,
				80B95E0D22A673F30054F23A /* LandmarkList.swift */,
				80B95E0822A66F8C0054F23A /* Model */,
				80B95DE622A66D0B0054F23A /* RowViews */,
				80B95DEB22A66F030054F23A /* Resources */,
				80B95DE422A66BBC0054F23A /* SupportingFiles */,
				80741C4D22A654C200B31A06 /* Preview Content */,
			);
			path = LandmarkSwiftUI;
			sourceTree = "<group>";
		};
		80741C4D22A654C200B31A06 /* Preview Content */ = {
			isa = PBXGroup;
			children = (
				80741C4E22A654C200B31A06 /* Preview Assets.xcassets */,
			);
			path = "Preview Content";
			sourceTree = "<group>";
		};
		80B95DE422A66BBC0054F23A /* SupportingFiles */ = {
			isa = PBXGroup;
			children = (
				80741C4B22A654C200B31A06 /* Assets.xcassets */,
				80741C5022A654C200B31A06 /* LaunchScreen.storyboard */,
				80741C5322A654C200B31A06 /* Info.plist */,
			);
			path = SupportingFiles;
			sourceTree = "<group>";
		};
		80B95DE622A66D0B0054F23A /* RowViews */ = {
			isa = PBXGroup;
			children = (
				80B95E0B22A671CA0054F23A /* LandmarkRow.swift */,
				80741C5922A659AA00B31A06 /* CircleImage.swift */,
				80741C5B22A65F4700B31A06 /* MapView.swift */,
			);
			path = RowViews;
			sourceTree = "<group>";
		};
		80B95DEB22A66F030054F23A /* Resources */ = {
			isa = PBXGroup;
			children = (
				80B95DEC22A66F120054F23A /* chilkoottrail.jpg */,
				80B95DF522A66F130054F23A /* chincoteague.jpg */,
				80B95DED22A66F120054F23A /* hiddenlake.jpg */,
				80B95DF722A66F130054F23A /* icybay.jpg */,
				80B95DEF22A66F120054F23A /* lakemcdonald.jpg */,
				80B95DF322A66F130054F23A /* landmarkData.json */,
				80B95DF622A66F130054F23A /* rainbowlake.jpg */,
				80B95DF422A66F130054F23A /* silversalmoncreek.jpg */,
				80B95DF222A66F130054F23A /* stmarylake.jpg */,
				80B95DF022A66F120054F23A /* turtlerock.jpg */,
				80B95DF122A66F130054F23A /* twinlake.jpg */,
				80B95DF822A66F130054F23A /* umbagog.jpg */,
				80B95DEE22A66F120054F23A /* yukon_charleyrivers.jpg */,
			);
			path = Resources;
			sourceTree = "<group>";
		};
		80B95E0822A66F8C0054F23A /* Model */ = {
			isa = PBXGroup;
			children = (
				80B95DE722A66D500054F23A /* Landmark.swift */,
				80B95E0622A66F500054F23A /* Data.swift */,
			);
			path = Model;
			sourceTree = "<group>";
		};
/* End PBXGroup section */

/* Begin PBXNativeTarget section */
		80741C4122A654BF00B31A06 /* LandmarkSwiftUI */ = {
			isa = PBXNativeTarget;
			buildConfigurationList = 80741C5622A654C200B31A06 /* Build configuration list for PBXNativeTarget "LandmarkSwiftUI" */;
			buildPhases = (
				80741C3E22A654BF00B31A06 /* Sources */,
				80741C3F22A654BF00B31A06 /* Frameworks */,
				80741C4022A654BF00B31A06 /* Resources */,
			);
			buildRules = (
			);
			dependencies = (
			);
			name = LandmarkSwiftUI;
			productName = LandmarkSwiftUI;
			productReference = 80741C4222A654BF00B31A06 /* LandmarkSwiftUI.app */;
			productType = "com.apple.product-type.application";
		};
/* End PBXNativeTarget section */

/* Begin PBXProject section */
		80741C3A22A654BF00B31A06 /* Project object */ = {
			isa = PBXProject;
			attributes = {
				LastSwiftUpdateCheck = 1100;
				LastUpgradeCheck = 1100;
				ORGANIZATIONNAME = com.glaphi;
				TargetAttributes = {
					80741C4122A654BF00B31A06 = {
						CreatedOnToolsVersion = 11.0;
					};
				};
			};
			buildConfigurationList = 80741C3D22A654BF00B31A06 /* Build configuration list for PBXProject "LandmarkSwiftUI" */;
			compatibilityVersion = "Xcode 9.3";
			developmentRegion = en;
			hasScannedForEncodings = 0;
			knownRegions = (
				en,
				Base,
			);
			mainGroup = 80741C3922A654BF00B31A06;
			productRefGroup = 80741C4322A654BF00B31A06 /* Products */;
			projectDirPath = "";
			projectRoot = "";
			targets = (
				80741C4122A654BF00B31A06 /* LandmarkSwiftUI */,
			);
		};
/* End PBXProject section */

/* Begin PBXResourcesBuildPhase section */
		80741C4022A654BF00B31A06 /* Resources */ = {
			isa = PBXResourcesBuildPhase;
			buildActionMask = 2147483647;
			files = (
				80B95E0122A66F130054F23A /* silversalmoncreek.jpg in Resources */,
				80B95E0322A66F130054F23A /* rainbowlake.jpg in Resources */,
				80B95DFB22A66F130054F23A /* yukon_charleyrivers.jpg in Resources */,
				80B95DFD22A66F130054F23A /* turtlerock.jpg in Resources */,
				80741C5222A654C200B31A06 /* LaunchScreen.storyboard in Resources */,
				80741C4F22A654C200B31A06 /* Preview Assets.xcassets in Resources */,
				80B95E0022A66F130054F23A /* landmarkData.json in Resources */,
				80B95DF922A66F130054F23A /* chilkoottrail.jpg in Resources */,
				80B95E0A22A671300054F23A /* Default-568h@2x.png in Resources */,
				80B95E0522A66F130054F23A /* umbagog.jpg in Resources */,
				80B95DFE22A66F130054F23A /* twinlake.jpg in Resources */,
				80B95E0422A66F130054F23A /* icybay.jpg in Resources */,
				80B95DFA22A66F130054F23A /* hiddenlake.jpg in Resources */,
				80B95E0222A66F130054F23A /* chincoteague.jpg in Resources */,
				80B95DFC22A66F130054F23A /* lakemcdonald.jpg in Resources */,
				80B95DFF22A66F130054F23A /* stmarylake.jpg in Resources */,
				80741C4C22A654C200B31A06 /* Assets.xcassets in Resources */,
			);
			runOnlyForDeploymentPostprocessing = 0;
		};
/* End PBXResourcesBuildPhase section */

/* Begin PBXSourcesBuildPhase section */
		80741C3E22A654BF00B31A06 /* Sources */ = {
			isa = PBXSourcesBuildPhase;
			buildActionMask = 2147483647;
			files = (
				80B95E0722A66F500054F23A /* Data.swift in Sources */,
				80741C4622A654BF00B31A06 /* AppDelegate.swift in Sources */,
				80741C5A22A659AA00B31A06 /* CircleImage.swift in Sources */,
				80741C5C22A65F4700B31A06 /* MapView.swift in Sources */,
				80B95E0E22A673F30054F23A /* LandmarkList.swift in Sources */,
				80741C4822A654BF00B31A06 /* SceneDelegate.swift in Sources */,
				80741C4A22A654BF00B31A06 /* LandmarkDetail.swift in Sources */,
				80B95E0C22A671CA0054F23A /* LandmarkRow.swift in Sources */,
				80B95DE822A66D500054F23A /* Landmark.swift in Sources */,
			);
			runOnlyForDeploymentPostprocessing = 0;
		};
/* End PBXSourcesBuildPhase section */

/* Begin PBXVariantGroup section */
		80741C5022A654C200B31A06 /* LaunchScreen.storyboard */ = {
			isa = PBXVariantGroup;
			children = (
				80741C5122A654C200B31A06 /* Base */,
			);
			name = LaunchScreen.storyboard;
			sourceTree = "<group>";
		};
/* End PBXVariantGroup section */

/* Begin XCBuildConfiguration section */
		80741C5422A654C200B31A06 /* Debug */ = {
			isa = XCBuildConfiguration;
			buildSettings = {
				ALWAYS_SEARCH_USER_PATHS = NO;
				CLANG_ANALYZER_NONNULL = YES;
				CLANG_ANALYZER_NUMBER_OBJECT_CONVERSION = YES_AGGRESSIVE;
				CLANG_CXX_LANGUAGE_STANDARD = "gnu++14";
				CLANG_CXX_LIBRARY = "libc++";
				CLANG_ENABLE_MODULES = YES;
				CLANG_ENABLE_OBJC_ARC = YES;
				CLANG_ENABLE_OBJC_WEAK = YES;
				CLANG_WARN_BLOCK_CAPTURE_AUTORELEASING = YES;
				CLANG_WARN_BOOL_CONVERSION = YES;
				CLANG_WARN_COMMA = YES;
				CLANG_WARN_CONSTANT_CONVERSION = YES;
				CLANG_WARN_DEPRECATED_OBJC_IMPLEMENTATIONS = YES;
				CLANG_WARN_DIRECT_OBJC_ISA_USAGE = YES_ERROR;
				CLANG_WARN_DOCUMENTATION_COMMENTS = YES;
				CLANG_WARN_EMPTY_BODY = YES;
				CLANG_WARN_ENUM_CONVERSION = YES;
				CLANG_WARN_INFINITE_RECURSION = YES;
				CLANG_WARN_INT_CONVERSION = YES;
				CLANG_WARN_NON_LITERAL_NULL_CONVERSION = YES;
				CLANG_WARN_OBJC_IMPLICIT_RETAIN_SELF = YES;
				CLANG_WARN_OBJC_LITERAL_CONVERSION = YES;
				CLANG_WARN_OBJC_ROOT_CLASS = YES_ERROR;
				CLANG_WARN_RANGE_LOOP_ANALYSIS = YES;
				CLANG_WARN_STRICT_PROTOTYPES = YES;
				CLANG_WARN_SUSPICIOUS_MOVE = YES;
				CLANG_WARN_UNGUARDED_AVAILABILITY = YES_AGGRESSIVE;
				CLANG_WARN_UNREACHABLE_CODE = YES;
				CLANG_WARN__DUPLICATE_METHOD_MATCH = YES;
				COPY_PHASE_STRIP = NO;
				DEBUG_INFORMATION_FORMAT = dwarf;
				ENABLE_STRICT_OBJC_MSGSEND = YES;
				ENABLE_TESTABILITY = YES;
				GCC_C_LANGUAGE_STANDARD = gnu11;
				GCC_DYNAMIC_NO_PIC = NO;
				GCC_NO_COMMON_BLOCKS = YES;
				GCC_OPTIMIZATION_LEVEL = 0;
				GCC_PREPROCESSOR_DEFINITIONS = (
					"DEBUG=1",
					"$(inherited)",
				);
				GCC_WARN_64_TO_32_BIT_CONVERSION = YES;
				GCC_WARN_ABOUT_RETURN_TYPE = YES_ERROR;
				GCC_WARN_UNDECLARED_SELECTOR = YES;
				GCC_WARN_UNINITIALIZED_AUTOS = YES_AGGRESSIVE;
				GCC_WARN_UNUSED_FUNCTION = YES;
				GCC_WARN_UNUSED_VARIABLE = YES;
				IPHONEOS_DEPLOYMENT_TARGET = 13.0;
				MTL_ENABLE_DEBUG_INFO = INCLUDE_SOURCE;
				MTL_FAST_MATH = YES;
				ONLY_ACTIVE_ARCH = YES;
				SDKROOT = iphoneos;
				SWIFT_ACTIVE_COMPILATION_CONDITIONS = DEBUG;
				SWIFT_OPTIMIZATION_LEVEL = "-Onone";
			};
			name = Debug;
		};
		80741C5522A654C200B31A06 /* Release */ = {
			isa = XCBuildConfiguration;
			buildSettings = {
				ALWAYS_SEARCH_USER_PATHS = NO;
				CLANG_ANALYZER_NONNULL = YES;
				CLANG_ANALYZER_NUMBER_OBJECT_CONVERSION = YES_AGGRESSIVE;
				CLANG_CXX_LANGUAGE_STANDARD = "gnu++14";
				CLANG_CXX_LIBRARY = "libc++";
				CLANG_ENABLE_MODULES = YES;
				CLANG_ENABLE_OBJC_ARC = YES;
				CLANG_ENABLE_OBJC_WEAK = YES;
				CLANG_WARN_BLOCK_CAPTURE_AUTORELEASING = YES;
				CLANG_WARN_BOOL_CONVERSION = YES;
				CLANG_WARN_COMMA = YES;
				CLANG_WARN_CONSTANT_CONVERSION = YES;
				CLANG_WARN_DEPRECATED_OBJC_IMPLEMENTATIONS = YES;
				CLANG_WARN_DIRECT_OBJC_ISA_USAGE = YES_ERROR;
				CLANG_WARN_DOCUMENTATION_COMMENTS = YES;
				CLANG_WARN_EMPTY_BODY = YES;
				CLANG_WARN_ENUM_CONVERSION = YES;
				CLANG_WARN_INFINITE_RECURSION = YES;
				CLANG_WARN_INT_CONVERSION = YES;
				CLANG_WARN_NON_LITERAL_NULL_CONVERSION = YES;
				CLANG_WARN_OBJC_IMPLICIT_RETAIN_SELF = YES;
				CLANG_WARN_OBJC_LITERAL_CONVERSION = YES;
				CLANG_WARN_OBJC_ROOT_CLASS = YES_ERROR;
				CLANG_WARN_RANGE_LOOP_ANALYSIS = YES;
				CLANG_WARN_STRICT_PROTOTYPES = YES;
				CLANG_WARN_SUSPICIOUS_MOVE = YES;
				CLANG_WARN_UNGUARDED_AVAILABILITY = YES_AGGRESSIVE;
				CLANG_WARN_UNREACHABLE_CODE = YES;
				CLANG_WARN__DUPLICATE_METHOD_MATCH = YES;
				COPY_PHASE_STRIP = NO;
				DEBUG_INFORMATION_FORMAT = "dwarf-with-dsym";
				ENABLE_NS_ASSERTIONS = NO;
				ENABLE_STRICT_OBJC_MSGSEND = YES;
				GCC_C_LANGUAGE_STANDARD = gnu11;
				GCC_NO_COMMON_BLOCKS = YES;
				GCC_WARN_64_TO_32_BIT_CONVERSION = YES;
				GCC_WARN_ABOUT_RETURN_TYPE = YES_ERROR;
				GCC_WARN_UNDECLARED_SELECTOR = YES;
				GCC_WARN_UNINITIALIZED_AUTOS = YES_AGGRESSIVE;
				GCC_WARN_UNUSED_FUNCTION = YES;
				GCC_WARN_UNUSED_VARIABLE = YES;
				IPHONEOS_DEPLOYMENT_TARGET = 13.0;
				MTL_ENABLE_DEBUG_INFO = NO;
				MTL_FAST_MATH = YES;
				SDKROOT = iphoneos;
				SWIFT_COMPILATION_MODE = wholemodule;
				SWIFT_OPTIMIZATION_LEVEL = "-O";
				VALIDATE_PRODUCT = YES;
			};
			name = Release;
		};
		80741C5722A654C200B31A06 /* Debug */ = {
			isa = XCBuildConfiguration;
			buildSettings = {
				ASSETCATALOG_COMPILER_APPICON_NAME = AppIcon;
				CODE_SIGN_ENTITLEMENTS = LandmarkSwiftUI/LandmarkSwiftUI.entitlements;
				CODE_SIGN_STYLE = Automatic;
				DERIVE_UIKITFORMAC_PRODUCT_BUNDLE_IDENTIFIER = YES;
				DEVELOPMENT_ASSET_PATHS = "LandmarkSwiftUI/Preview\\ Content";
				DEVELOPMENT_TEAM = CWMQ47K6W3;
				ENABLE_PREVIEWS = YES;
				INFOPLIST_FILE = LandmarkSwiftUI/SupportingFiles/Info.plist;
				LD_RUNPATH_SEARCH_PATHS = (
					"$(inherited)",
					"@executable_path/Frameworks",
				);
				PRODUCT_BUNDLE_IDENTIFIER = com.glaphi.LandmarkSwiftUI;
				PRODUCT_NAME = "$(TARGET_NAME)";
				SUPPORTS_UIKITFORMAC = YES;
				SWIFT_VERSION = 5.0;
				TARGETED_DEVICE_FAMILY = "1,2";
			};
			name = Debug;
		};
		80741C5822A654C200B31A06 /* Release */ = {
			isa = XCBuildConfiguration;
			buildSettings = {
				ASSETCATALOG_COMPILER_APPICON_NAME = AppIcon;
				CODE_SIGN_ENTITLEMENTS = LandmarkSwiftUI/LandmarkSwiftUI.entitlements;
				CODE_SIGN_STYLE = Automatic;
				DERIVE_UIKITFORMAC_PRODUCT_BUNDLE_IDENTIFIER = YES;
				DEVELOPMENT_ASSET_PATHS = "LandmarkSwiftUI/Preview\\ Content";
				DEVELOPMENT_TEAM = CWMQ47K6W3;
				ENABLE_PREVIEWS = YES;
				INFOPLIST_FILE = LandmarkSwiftUI/SupportingFiles/Info.plist;
				LD_RUNPATH_SEARCH_PATHS = (
					"$(inherited)",
					"@executable_path/Frameworks",
				);
				PRODUCT_BUNDLE_IDENTIFIER = com.glaphi.LandmarkSwiftUI;
				PRODUCT_NAME = "$(TARGET_NAME)";
				SUPPORTS_UIKITFORMAC = YES;
				SWIFT_VERSION = 5.0;
				TARGETED_DEVICE_FAMILY = "1,2";
			};
			name = Release;
		};
/* End XCBuildConfiguration section */

/* Begin XCConfigurationList section */
		80741C3D22A654BF00B31A06 /* Build configuration list for PBXProject "LandmarkSwiftUI" */ = {
			isa = XCConfigurationList;
			buildConfigurations = (
				80741C5422A654C200B31A06 /* Debug */,
				80741C5522A654C200B31A06 /* Release */,
			);
			defaultConfigurationIsVisible = 0;
			defaultConfigurationName = Release;
		};
		80741C5622A654C200B31A06 /* Build configuration list for PBXNativeTarget "LandmarkSwiftUI" */ = {
			isa = XCConfigurationList;
			buildConfigurations = (
				80741C5722A654C200B31A06 /* Debug */,
				80741C5822A654C200B31A06 /* Release */,
			);
			defaultConfigurationIsVisible = 0;
			defaultConfigurationName = Release;
		};
/* End XCConfigurationList section */
	};
	rootObject = 80741C3A22A654BF00B31A06 /* Project object */;
}
